// !$*UTF8*$!
{
	archiveVersion = 1;
	classes = {
	};
	objectVersion = 55;
	objects = {

/* Begin PBXBuildFile section */
		50129FF728B77A07002E758C /* SchoolViewControllerTests.swift in Sources */ = {isa = PBXBuildFile; fileRef = 50129FF628B77A07002E758C /* SchoolViewControllerTests.swift */; };
		50129FF928B77E34002E758C /* SchoolViewController.swift in Sources */ = {isa = PBXBuildFile; fileRef = 50AFC17628B6E68E008FAC7E /* SchoolViewController.swift */; };
		50129FFA28B77EDC002E758C /* SchoolDetailsViewController.swift in Sources */ = {isa = PBXBuildFile; fileRef = 50AFC17828B6E6A3008FAC7E /* SchoolDetailsViewController.swift */; };
		50129FFB28B78613002E758C /* School.swift in Sources */ = {isa = PBXBuildFile; fileRef = 50AFC17128B6E59C008FAC7E /* School.swift */; };
		50129FFC28B78617002E758C /* SchoolDetail.swift in Sources */ = {isa = PBXBuildFile; fileRef = 50AFC17328B6E5CD008FAC7E /* SchoolDetail.swift */; };
		50129FFD28B78636002E758C /* DetailTableViewCell.swift in Sources */ = {isa = PBXBuildFile; fileRef = 50AFC17F28B6E87B008FAC7E /* DetailTableViewCell.swift */; };
		50129FFE28B78647002E758C /* SchoolDetailsView.swift in Sources */ = {isa = PBXBuildFile; fileRef = 50AFC17D28B6E738008FAC7E /* SchoolDetailsView.swift */; };
		50129FFF28B78657002E758C /* SchoolRequest.swift in Sources */ = {isa = PBXBuildFile; fileRef = 50AFC17B28B6E6F9008FAC7E /* SchoolRequest.swift */; };
		50AFC13F28B6E4DA008FAC7E /* AppDelegate.swift in Sources */ = {isa = PBXBuildFile; fileRef = 50AFC13E28B6E4DA008FAC7E /* AppDelegate.swift */; };
		50AFC14128B6E4DA008FAC7E /* SceneDelegate.swift in Sources */ = {isa = PBXBuildFile; fileRef = 50AFC14028B6E4DA008FAC7E /* SceneDelegate.swift */; };
		50AFC14628B6E4DA008FAC7E /* Main.storyboard in Resources */ = {isa = PBXBuildFile; fileRef = 50AFC14428B6E4DA008FAC7E /* Main.storyboard */; };
		50AFC14828B6E4DB008FAC7E /* Assets.xcassets in Resources */ = {isa = PBXBuildFile; fileRef = 50AFC14728B6E4DB008FAC7E /* Assets.xcassets */; };
		50AFC14B28B6E4DB008FAC7E /* LaunchScreen.storyboard in Resources */ = {isa = PBXBuildFile; fileRef = 50AFC14928B6E4DB008FAC7E /* LaunchScreen.storyboard */; };
		50AFC15628B6E4DB008FAC7E /* _0220824_MiguelJimenez_NYCSchoolsTests.swift in Sources */ = {isa = PBXBuildFile; fileRef = 50AFC15528B6E4DB008FAC7E /* _0220824_MiguelJimenez_NYCSchoolsTests.swift */; };
		50AFC17228B6E59C008FAC7E /* School.swift in Sources */ = {isa = PBXBuildFile; fileRef = 50AFC17128B6E59C008FAC7E /* School.swift */; };
		50AFC17428B6E5CD008FAC7E /* SchoolDetail.swift in Sources */ = {isa = PBXBuildFile; fileRef = 50AFC17328B6E5CD008FAC7E /* SchoolDetail.swift */; };
		50AFC17728B6E68E008FAC7E /* SchoolViewController.swift in Sources */ = {isa = PBXBuildFile; fileRef = 50AFC17628B6E68E008FAC7E /* SchoolViewController.swift */; };
		50AFC17928B6E6A3008FAC7E /* SchoolDetailsViewController.swift in Sources */ = {isa = PBXBuildFile; fileRef = 50AFC17828B6E6A3008FAC7E /* SchoolDetailsViewController.swift */; };
		50AFC17C28B6E6F9008FAC7E /* SchoolRequest.swift in Sources */ = {isa = PBXBuildFile; fileRef = 50AFC17B28B6E6F9008FAC7E /* SchoolRequest.swift */; };
		50AFC17E28B6E738008FAC7E /* SchoolDetailsView.swift in Sources */ = {isa = PBXBuildFile; fileRef = 50AFC17D28B6E738008FAC7E /* SchoolDetailsView.swift */; };
		50AFC18128B6E87B008FAC7E /* DetailTableViewCell.swift in Sources */ = {isa = PBXBuildFile; fileRef = 50AFC17F28B6E87B008FAC7E /* DetailTableViewCell.swift */; };
		50AFC18228B6E87B008FAC7E /* DetailTableViewCell.xib in Resources */ = {isa = PBXBuildFile; fileRef = 50AFC18028B6E87B008FAC7E /* DetailTableViewCell.xib */; };
/* End PBXBuildFile section */

/* Begin PBXContainerItemProxy section */
		50AFC15228B6E4DB008FAC7E /* PBXContainerItemProxy */ = {
			isa = PBXContainerItemProxy;
			containerPortal = 50AFC13328B6E4DA008FAC7E /* Project object */;
			proxyType = 1;
			remoteGlobalIDString = 50AFC13A28B6E4DA008FAC7E;
			remoteInfo = "20220824-MiguelJimenez-NYCSchools";
		};
/* End PBXContainerItemProxy section */

/* Begin PBXFileReference section */
		50129FF628B77A07002E758C /* SchoolViewControllerTests.swift */ = {isa = PBXFileReference; lastKnownFileType = sourcecode.swift; path = SchoolViewControllerTests.swift; sourceTree = "<group>"; };
		50AFC13B28B6E4DA008FAC7E /* 20220824-MiguelJimenez-NYCSchools.app */ = {isa = PBXFileReference; explicitFileType = wrapper.application; includeInIndex = 0; path = "20220824-MiguelJimenez-NYCSchools.app"; sourceTree = BUILT_PRODUCTS_DIR; };
		50AFC13E28B6E4DA008FAC7E /* AppDelegate.swift */ = {isa = PBXFileReference; lastKnownFileType = sourcecode.swift; path = AppDelegate.swift; sourceTree = "<group>"; };
		50AFC14028B6E4DA008FAC7E /* SceneDelegate.swift */ = {isa = PBXFileReference; lastKnownFileType = sourcecode.swift; path = SceneDelegate.swift; sourceTree = "<group>"; };
		50AFC14528B6E4DA008FAC7E /* Base */ = {isa = PBXFileReference; lastKnownFileType = file.storyboard; name = Base; path = Base.lproj/Main.storyboard; sourceTree = "<group>"; };
		50AFC14728B6E4DB008FAC7E /* Assets.xcassets */ = {isa = PBXFileReference; lastKnownFileType = folder.assetcatalog; path = Assets.xcassets; sourceTree = "<group>"; };
		50AFC14A28B6E4DB008FAC7E /* Base */ = {isa = PBXFileReference; lastKnownFileType = file.storyboard; name = Base; path = Base.lproj/LaunchScreen.storyboard; sourceTree = "<group>"; };
		50AFC14C28B6E4DB008FAC7E /* Info.plist */ = {isa = PBXFileReference; lastKnownFileType = text.plist.xml; path = Info.plist; sourceTree = "<group>"; };
		50AFC15128B6E4DB008FAC7E /* 20220824-MiguelJimenez-NYCSchoolsTests.xctest */ = {isa = PBXFileReference; explicitFileType = wrapper.cfbundle; includeInIndex = 0; path = "20220824-MiguelJimenez-NYCSchoolsTests.xctest"; sourceTree = BUILT_PRODUCTS_DIR; };
		50AFC15528B6E4DB008FAC7E /* _0220824_MiguelJimenez_NYCSchoolsTests.swift */ = {isa = PBXFileReference; lastKnownFileType = sourcecode.swift; path = _0220824_MiguelJimenez_NYCSchoolsTests.swift; sourceTree = "<group>"; };
		50AFC17128B6E59C008FAC7E /* School.swift */ = {isa = PBXFileReference; lastKnownFileType = sourcecode.swift; path = School.swift; sourceTree = "<group>"; };
		50AFC17328B6E5CD008FAC7E /* SchoolDetail.swift */ = {isa = PBXFileReference; lastKnownFileType = sourcecode.swift; path = SchoolDetail.swift; sourceTree = "<group>"; };
		50AFC17628B6E68E008FAC7E /* SchoolViewController.swift */ = {isa = PBXFileReference; lastKnownFileType = sourcecode.swift; path = SchoolViewController.swift; sourceTree = "<group>"; };
		50AFC17828B6E6A3008FAC7E /* SchoolDetailsViewController.swift */ = {isa = PBXFileReference; lastKnownFileType = sourcecode.swift; path = SchoolDetailsViewController.swift; sourceTree = "<group>"; };
		50AFC17B28B6E6F9008FAC7E /* SchoolRequest.swift */ = {isa = PBXFileReference; lastKnownFileType = sourcecode.swift; path = SchoolRequest.swift; sourceTree = "<group>"; };
		50AFC17D28B6E738008FAC7E /* SchoolDetailsView.swift */ = {isa = PBXFileReference; lastKnownFileType = sourcecode.swift; path = SchoolDetailsView.swift; sourceTree = "<group>"; };
		50AFC17F28B6E87B008FAC7E /* DetailTableViewCell.swift */ = {isa = PBXFileReference; lastKnownFileType = sourcecode.swift; path = DetailTableViewCell.swift; sourceTree = "<group>"; };
		50AFC18028B6E87B008FAC7E /* DetailTableViewCell.xib */ = {isa = PBXFileReference; lastKnownFileType = file.xib; path = DetailTableViewCell.xib; sourceTree = "<group>"; };
/* End PBXFileReference section */

/* Begin PBXFrameworksBuildPhase section */
		50AFC13828B6E4DA008FAC7E /* Frameworks */ = {
			isa = PBXFrameworksBuildPhase;
			buildActionMask = 2147483647;
			files = (
			);
			runOnlyForDeploymentPostprocessing = 0;
		};
		50AFC14E28B6E4DB008FAC7E /* Frameworks */ = {
			isa = PBXFrameworksBuildPhase;
			buildActionMask = 2147483647;
			files = (
			);
			runOnlyForDeploymentPostprocessing = 0;
		};
/* End PBXFrameworksBuildPhase section */

/* Begin PBXGroup section */
		50AFC13228B6E4DA008FAC7E = {
			isa = PBXGroup;
			children = (
				50AFC13D28B6E4DA008FAC7E /* 20220824-MiguelJimenez-NYCSchools */,
				50AFC15428B6E4DB008FAC7E /* 20220824-MiguelJimenez-NYCSchoolsTests */,
				50AFC13C28B6E4DA008FAC7E /* Products */,
			);
			sourceTree = "<group>";
		};
		50AFC13C28B6E4DA008FAC7E /* Products */ = {
			isa = PBXGroup;
			children = (
				50AFC13B28B6E4DA008FAC7E /* 20220824-MiguelJimenez-NYCSchools.app */,
				50AFC15128B6E4DB008FAC7E /* 20220824-MiguelJimenez-NYCSchoolsTests.xctest */,
			);
			name = Products;
			sourceTree = "<group>";
		};
		50AFC13D28B6E4DA008FAC7E /* 20220824-MiguelJimenez-NYCSchools */ = {
			isa = PBXGroup;
			children = (
				50AFC16E28B6E540008FAC7E /* Model */,
				50AFC16F28B6E54E008FAC7E /* View */,
				50AFC17028B6E55D008FAC7E /* Controller */,
				50AFC17A28B6E6BA008FAC7E /* Services */,
				50AFC14028B6E4DA008FAC7E /* SceneDelegate.swift */,
				50AFC13E28B6E4DA008FAC7E /* AppDelegate.swift */,
				50AFC14728B6E4DB008FAC7E /* Assets.xcassets */,
				50AFC14C28B6E4DB008FAC7E /* Info.plist */,
			);
			path = "20220824-MiguelJimenez-NYCSchools";
			sourceTree = "<group>";
		};
		50AFC15428B6E4DB008FAC7E /* 20220824-MiguelJimenez-NYCSchoolsTests */ = {
			isa = PBXGroup;
			children = (
				50AFC15528B6E4DB008FAC7E /* _0220824_MiguelJimenez_NYCSchoolsTests.swift */,
				50129FF628B77A07002E758C /* SchoolViewControllerTests.swift */,
			);
			path = "20220824-MiguelJimenez-NYCSchoolsTests";
			sourceTree = "<group>";
		};
		50AFC16E28B6E540008FAC7E /* Model */ = {
			isa = PBXGroup;
			children = (
				50AFC17128B6E59C008FAC7E /* School.swift */,
				50AFC17328B6E5CD008FAC7E /* SchoolDetail.swift */,
			);
			path = Model;
			sourceTree = "<group>";
		};
		50AFC16F28B6E54E008FAC7E /* View */ = {
			isa = PBXGroup;
			children = (
				50AFC17528B6E646008FAC7E /* Cells */,
				50AFC14428B6E4DA008FAC7E /* Main.storyboard */,
				50AFC14928B6E4DB008FAC7E /* LaunchScreen.storyboard */,
				50AFC17D28B6E738008FAC7E /* SchoolDetailsView.swift */,
			);
			path = View;
			sourceTree = "<group>";
		};
		50AFC17028B6E55D008FAC7E /* Controller */ = {
			isa = PBXGroup;
			children = (
				50AFC17628B6E68E008FAC7E /* SchoolViewController.swift */,
				50AFC17828B6E6A3008FAC7E /* SchoolDetailsViewController.swift */,
			);
			path = Controller;
			sourceTree = "<group>";
		};
		50AFC17528B6E646008FAC7E /* Cells */ = {
			isa = PBXGroup;
			children = (
				50AFC17F28B6E87B008FAC7E /* DetailTableViewCell.swift */,
				50AFC18028B6E87B008FAC7E /* DetailTableViewCell.xib */,
			);
			path = Cells;
			sourceTree = "<group>";
		};
		50AFC17A28B6E6BA008FAC7E /* Services */ = {
			isa = PBXGroup;
			children = (
				50AFC17B28B6E6F9008FAC7E /* SchoolRequest.swift */,
			);
			path = Services;
			sourceTree = "<group>";
		};
/* End PBXGroup section */

/* Begin PBXNativeTarget section */
		50AFC13A28B6E4DA008FAC7E /* 20220824-MiguelJimenez-NYCSchools */ = {
			isa = PBXNativeTarget;
			buildConfigurationList = 50AFC16528B6E4DB008FAC7E /* Build configuration list for PBXNativeTarget "20220824-MiguelJimenez-NYCSchools" */;
			buildPhases = (
				50AFC13728B6E4DA008FAC7E /* Sources */,
				50AFC13828B6E4DA008FAC7E /* Frameworks */,
				50AFC13928B6E4DA008FAC7E /* Resources */,
			);
			buildRules = (
			);
			dependencies = (
			);
			name = "20220824-MiguelJimenez-NYCSchools";
			productName = "20220824-MiguelJimenez-NYCSchools";
			productReference = 50AFC13B28B6E4DA008FAC7E /* 20220824-MiguelJimenez-NYCSchools.app */;
			productType = "com.apple.product-type.application";
		};
		50AFC15028B6E4DB008FAC7E /* 20220824-MiguelJimenez-NYCSchoolsTests */ = {
			isa = PBXNativeTarget;
			buildConfigurationList = 50AFC16828B6E4DB008FAC7E /* Build configuration list for PBXNativeTarget "20220824-MiguelJimenez-NYCSchoolsTests" */;
			buildPhases = (
				50AFC14D28B6E4DB008FAC7E /* Sources */,
				50AFC14E28B6E4DB008FAC7E /* Frameworks */,
				50AFC14F28B6E4DB008FAC7E /* Resources */,
			);
			buildRules = (
			);
			dependencies = (
				50AFC15328B6E4DB008FAC7E /* PBXTargetDependency */,
			);
			name = "20220824-MiguelJimenez-NYCSchoolsTests";
			productName = "20220824-MiguelJimenez-NYCSchoolsTests";
			productReference = 50AFC15128B6E4DB008FAC7E /* 20220824-MiguelJimenez-NYCSchoolsTests.xctest */;
			productType = "com.apple.product-type.bundle.unit-test";
		};
/* End PBXNativeTarget section */

/* Begin PBXProject section */
		50AFC13328B6E4DA008FAC7E /* Project object */ = {
			isa = PBXProject;
			attributes = {
				BuildIndependentTargetsInParallel = 1;
				LastSwiftUpdateCheck = 1340;
				LastUpgradeCheck = 1340;
				TargetAttributes = {
					50AFC13A28B6E4DA008FAC7E = {
						CreatedOnToolsVersion = 13.4.1;
					};
					50AFC15028B6E4DB008FAC7E = {
						CreatedOnToolsVersion = 13.4.1;
						TestTargetID = 50AFC13A28B6E4DA008FAC7E;
					};
				};
			};
			buildConfigurationList = 50AFC13628B6E4DA008FAC7E /* Build configuration list for PBXProject "20220824-MiguelJimenez-NYCSchools" */;
			compatibilityVersion = "Xcode 13.0";
			developmentRegion = en;
			hasScannedForEncodings = 0;
			knownRegions = (
				en,
				Base,
			);
			mainGroup = 50AFC13228B6E4DA008FAC7E;
			productRefGroup = 50AFC13C28B6E4DA008FAC7E /* Products */;
			projectDirPath = "";
			projectRoot = "";
			targets = (
				50AFC13A28B6E4DA008FAC7E /* 20220824-MiguelJimenez-NYCSchools */,
				50AFC15028B6E4DB008FAC7E /* 20220824-MiguelJimenez-NYCSchoolsTests */,
			);
		};
/* End PBXProject section */

/* Begin PBXResourcesBuildPhase section */
		50AFC13928B6E4DA008FAC7E /* Resources */ = {
			isa = PBXResourcesBuildPhase;
			buildActionMask = 2147483647;
			files = (
				50AFC14B28B6E4DB008FAC7E /* LaunchScreen.storyboard in Resources */,
				50AFC14828B6E4DB008FAC7E /* Assets.xcassets in Resources */,
				50AFC18228B6E87B008FAC7E /* DetailTableViewCell.xib in Resources */,
				50AFC14628B6E4DA008FAC7E /* Main.storyboard in Resources */,
			);
			runOnlyForDeploymentPostprocessing = 0;
		};
		50AFC14F28B6E4DB008FAC7E /* Resources */ = {
			isa = PBXResourcesBuildPhase;
			buildActionMask = 2147483647;
			files = (
			);
			runOnlyForDeploymentPostprocessing = 0;
		};
/* End PBXResourcesBuildPhase section */

/* Begin PBXSourcesBuildPhase section */
		50AFC13728B6E4DA008FAC7E /* Sources */ = {
			isa = PBXSourcesBuildPhase;
			buildActionMask = 2147483647;
			files = (
				50AFC17928B6E6A3008FAC7E /* SchoolDetailsViewController.swift in Sources */,
				50AFC17428B6E5CD008FAC7E /* SchoolDetail.swift in Sources */,
				50AFC17E28B6E738008FAC7E /* SchoolDetailsView.swift in Sources */,
				50AFC17728B6E68E008FAC7E /* SchoolViewController.swift in Sources */,
				50AFC13F28B6E4DA008FAC7E /* AppDelegate.swift in Sources */,
				50AFC14128B6E4DA008FAC7E /* SceneDelegate.swift in Sources */,
				50AFC17228B6E59C008FAC7E /* School.swift in Sources */,
				50AFC18128B6E87B008FAC7E /* DetailTableViewCell.swift in Sources */,
				50AFC17C28B6E6F9008FAC7E /* SchoolRequest.swift in Sources */,
			);
			runOnlyForDeploymentPostprocessing = 0;
		};
		50AFC14D28B6E4DB008FAC7E /* Sources */ = {
			isa = PBXSourcesBuildPhase;
			buildActionMask = 2147483647;
			files = (
				50129FF728B77A07002E758C /* SchoolViewControllerTests.swift in Sources */,
				50AFC15628B6E4DB008FAC7E /* _0220824_MiguelJimenez_NYCSchoolsTests.swift in Sources */,
				50129FFF28B78657002E758C /* SchoolRequest.swift in Sources */,
				50129FFD28B78636002E758C /* DetailTableViewCell.swift in Sources */,
				50129FFE28B78647002E758C /* SchoolDetailsView.swift in Sources */,
				50129FFC28B78617002E758C /* SchoolDetail.swift in Sources */,
				50129FF928B77E34002E758C /* SchoolViewController.swift in Sources */,
				50129FFB28B78613002E758C /* School.swift in Sources */,
				50129FFA28B77EDC002E758C /* SchoolDetailsViewController.swift in Sources */,
			);
			runOnlyForDeploymentPostprocessing = 0;
		};
/* End PBXSourcesBuildPhase section */

/* Begin PBXTargetDependency section */
		50AFC15328B6E4DB008FAC7E /* PBXTargetDependency */ = {
			isa = PBXTargetDependency;
			target = 50AFC13A28B6E4DA008FAC7E /* 20220824-MiguelJimenez-NYCSchools */;
			targetProxy = 50AFC15228B6E4DB008FAC7E /* PBXContainerItemProxy */;
		};
/* End PBXTargetDependency section */

/* Begin PBXVariantGroup section */
		50AFC14428B6E4DA008FAC7E /* Main.storyboard */ = {
			isa = PBXVariantGroup;
			children = (
				50AFC14528B6E4DA008FAC7E /* Base */,
			);
			name = Main.storyboard;
			sourceTree = "<group>";
		};
		50AFC14928B6E4DB008FAC7E /* LaunchScreen.storyboard */ = {
			isa = PBXVariantGroup;
			children = (
				50AFC14A28B6E4DB008FAC7E /* Base */,
			);
			name = LaunchScreen.storyboard;
			sourceTree = "<group>";
		};
/* End PBXVariantGroup section */

/* Begin XCBuildConfiguration section */
		50AFC16328B6E4DB008FAC7E /* Debug */ = {
			isa = XCBuildConfiguration;
			buildSettings = {
				ALWAYS_SEARCH_USER_PATHS = NO;
				CLANG_ANALYZER_NONNULL = YES;
				CLANG_ANALYZER_NUMBER_OBJECT_CONVERSION = YES_AGGRESSIVE;
				CLANG_CXX_LANGUAGE_STANDARD = "gnu++17";
				CLANG_ENABLE_MODULES = YES;
				CLANG_ENABLE_OBJC_ARC = YES;
				CLANG_ENABLE_OBJC_WEAK = YES;
				CLANG_WARN_BLOCK_CAPTURE_AUTORELEASING = YES;
				CLANG_WARN_BOOL_CONVERSION = YES;
				CLANG_WARN_COMMA = YES;
				CLANG_WARN_CONSTANT_CONVERSION = YES;
				CLANG_WARN_DEPRECATED_OBJC_IMPLEMENTATIONS = YES;
				CLANG_WARN_DIRECT_OBJC_ISA_USAGE = YES_ERROR;
				CLANG_WARN_DOCUMENTATION_COMMENTS = YES;
				CLANG_WARN_EMPTY_BODY = YES;
				CLANG_WARN_ENUM_CONVERSION = YES;
				CLANG_WARN_INFINITE_RECURSION = YES;
				CLANG_WARN_INT_CONVERSION = YES;
				CLANG_WARN_NON_LITERAL_NULL_CONVERSION = YES;
				CLANG_WARN_OBJC_IMPLICIT_RETAIN_SELF = YES;
				CLANG_WARN_OBJC_LITERAL_CONVERSION = YES;
				CLANG_WARN_OBJC_ROOT_CLASS = YES_ERROR;
				CLANG_WARN_QUOTED_INCLUDE_IN_FRAMEWORK_HEADER = YES;
				CLANG_WARN_RANGE_LOOP_ANALYSIS = YES;
				CLANG_WARN_STRICT_PROTOTYPES = YES;
				CLANG_WARN_SUSPICIOUS_MOVE = YES;
				CLANG_WARN_UNGUARDED_AVAILABILITY = YES_AGGRESSIVE;
				CLANG_WARN_UNREACHABLE_CODE = YES;
				CLANG_WARN__DUPLICATE_METHOD_MATCH = YES;
				COPY_PHASE_STRIP = NO;
				DEBUG_INFORMATION_FORMAT = dwarf;
				ENABLE_STRICT_OBJC_MSGSEND = YES;
				ENABLE_TESTABILITY = YES;
				GCC_C_LANGUAGE_STANDARD = gnu11;
				GCC_DYNAMIC_NO_PIC = NO;
				GCC_NO_COMMON_BLOCKS = YES;
				GCC_OPTIMIZATION_LEVEL = 0;
				GCC_PREPROCESSOR_DEFINITIONS = (
					"DEBUG=1",
					"$(inherited)",
				);
				GCC_WARN_64_TO_32_BIT_CONVERSION = YES;
				GCC_WARN_ABOUT_RETURN_TYPE = YES_ERROR;
				GCC_WARN_UNDECLARED_SELECTOR = YES;
				GCC_WARN_UNINITIALIZED_AUTOS = YES_AGGRESSIVE;
				GCC_WARN_UNUSED_FUNCTION = YES;
				GCC_WARN_UNUSED_VARIABLE = YES;
				IPHONEOS_DEPLOYMENT_TARGET = 15.5;
				MTL_ENABLE_DEBUG_INFO = INCLUDE_SOURCE;
				MTL_FAST_MATH = YES;
				ONLY_ACTIVE_ARCH = YES;
				SDKROOT = iphoneos;
				SWIFT_ACTIVE_COMPILATION_CONDITIONS = DEBUG;
				SWIFT_OPTIMIZATION_LEVEL = "-Onone";
			};
			name = Debug;
		};
		50AFC16428B6E4DB008FAC7E /* Release */ = {
			isa = XCBuildConfiguration;
			buildSettings = {
				ALWAYS_SEARCH_USER_PATHS = NO;
				CLANG_ANALYZER_NONNULL = YES;
				CLANG_ANALYZER_NUMBER_OBJECT_CONVERSION = YES_AGGRESSIVE;
				CLANG_CXX_LANGUAGE_STANDARD = "gnu++17";
				CLANG_ENABLE_MODULES = YES;
				CLANG_ENABLE_OBJC_ARC = YES;
				CLANG_ENABLE_OBJC_WEAK = YES;
				CLANG_WARN_BLOCK_CAPTURE_AUTORELEASING = YES;
				CLANG_WARN_BOOL_CONVERSION = YES;
				CLANG_WARN_COMMA = YES;
				CLANG_WARN_CONSTANT_CONVERSION = YES;
				CLANG_WARN_DEPRECATED_OBJC_IMPLEMENTATIONS = YES;
				CLANG_WARN_DIRECT_OBJC_ISA_USAGE = YES_ERROR;
				CLANG_WARN_DOCUMENTATION_COMMENTS = YES;
				CLANG_WARN_EMPTY_BODY = YES;
				CLANG_WARN_ENUM_CONVERSION = YES;
				CLANG_WARN_INFINITE_RECURSION = YES;
				CLANG_WARN_INT_CONVERSION = YES;
				CLANG_WARN_NON_LITERAL_NULL_CONVERSION = YES;
				CLANG_WARN_OBJC_IMPLICIT_RETAIN_SELF = YES;
				CLANG_WARN_OBJC_LITERAL_CONVERSION = YES;
				CLANG_WARN_OBJC_ROOT_CLASS = YES_ERROR;
				CLANG_WARN_QUOTED_INCLUDE_IN_FRAMEWORK_HEADER = YES;
				CLANG_WARN_RANGE_LOOP_ANALYSIS = YES;
				CLANG_WARN_STRICT_PROTOTYPES = YES;
				CLANG_WARN_SUSPICIOUS_MOVE = YES;
				CLANG_WARN_UNGUARDED_AVAILABILITY = YES_AGGRESSIVE;
				CLANG_WARN_UNREACHABLE_CODE = YES;
				CLANG_WARN__DUPLICATE_METHOD_MATCH = YES;
				COPY_PHASE_STRIP = NO;
				DEBUG_INFORMATION_FORMAT = "dwarf-with-dsym";
				ENABLE_NS_ASSERTIONS = NO;
				ENABLE_STRICT_OBJC_MSGSEND = YES;
				GCC_C_LANGUAGE_STANDARD = gnu11;
				GCC_NO_COMMON_BLOCKS = YES;
				GCC_WARN_64_TO_32_BIT_CONVERSION = YES;
				GCC_WARN_ABOUT_RETURN_TYPE = YES_ERROR;
				GCC_WARN_UNDECLARED_SELECTOR = YES;
				GCC_WARN_UNINITIALIZED_AUTOS = YES_AGGRESSIVE;
				GCC_WARN_UNUSED_FUNCTION = YES;
				GCC_WARN_UNUSED_VARIABLE = YES;
				IPHONEOS_DEPLOYMENT_TARGET = 15.5;
				MTL_ENABLE_DEBUG_INFO = NO;
				MTL_FAST_MATH = YES;
				SDKROOT = iphoneos;
				SWIFT_COMPILATION_MODE = wholemodule;
				SWIFT_OPTIMIZATION_LEVEL = "-O";
				VALIDATE_PRODUCT = YES;
			};
			name = Release;
		};
		50AFC16628B6E4DB008FAC7E /* Debug */ = {
			isa = XCBuildConfiguration;
			buildSettings = {
				ASSETCATALOG_COMPILER_APPICON_NAME = AppIcon;
				ASSETCATALOG_COMPILER_GLOBAL_ACCENT_COLOR_NAME = AccentColor;
				CODE_SIGN_STYLE = Automatic;
				CURRENT_PROJECT_VERSION = 1;
				DEVELOPMENT_TEAM = 83GQRM67B7;
				GENERATE_INFOPLIST_FILE = YES;
				INFOPLIST_FILE = "20220824-MiguelJimenez-NYCSchools/Info.plist";
				INFOPLIST_KEY_CFBundleDisplayName = "NY Schools";
				INFOPLIST_KEY_UIApplicationSupportsIndirectInputEvents = YES;
				INFOPLIST_KEY_UILaunchStoryboardName = LaunchScreen.storyboard;
				INFOPLIST_KEY_UIMainStoryboardFile = Main;
				INFOPLIST_KEY_UISupportedInterfaceOrientations_iPad = "UIInterfaceOrientationPortrait UIInterfaceOrientationPortraitUpsideDown UIInterfaceOrientationLandscapeLeft UIInterfaceOrientationLandscapeRight";
				INFOPLIST_KEY_UISupportedInterfaceOrientations_iPhone = "UIInterfaceOrientationPortrait UIInterfaceOrientationLandscapeLeft UIInterfaceOrientationLandscapeRight";
				LD_RUNPATH_SEARCH_PATHS = (
					"$(inherited)",
					"@executable_path/Frameworks",
				);
				MARKETING_VERSION = 1.0;
				PRODUCT_BUNDLE_IDENTIFIER = "chamuel.castillo.-0220824-MiguelJimenez-NYCSchools";
				PRODUCT_NAME = "$(TARGET_NAME)";
				SWIFT_EMIT_LOC_STRINGS = YES;
				SWIFT_VERSION = 5.0;
				TARGETED_DEVICE_FAMILY = "1,2";
			};
			name = Debug;
		};
		50AFC16728B6E4DB008FAC7E /* Release */ = {
			isa = XCBuildConfiguration;
			buildSettings = {
				ASSETCATALOG_COMPILER_APPICON_NAME = AppIcon;
				ASSETCATALOG_COMPILER_GLOBAL_ACCENT_COLOR_NAME = AccentColor;
				CODE_SIGN_STYLE = Automatic;
				CURRENT_PROJECT_VERSION = 1;
				DEVELOPMENT_TEAM = 83GQRM67B7;
				GENERATE_INFOPLIST_FILE = YES;
				INFOPLIST_FILE = "20220824-MiguelJimenez-NYCSchools/Info.plist";
				INFOPLIST_KEY_CFBundleDisplayName = "NY Schools";
				INFOPLIST_KEY_UIApplicationSupportsIndirectInputEvents = YES;
				INFOPLIST_KEY_UILaunchStoryboardName = LaunchScreen.storyboard;
				INFOPLIST_KEY_UIMainStoryboardFile = Main;
				INFOPLIST_KEY_UISupportedInterfaceOrientations_iPad = "UIInterfaceOrientationPortrait UIInterfaceOrientationPortraitUpsideDown UIInterfaceOrientationLandscapeLeft UIInterfaceOrientationLandscapeRight";
				INFOPLIST_KEY_UISupportedInterfaceOrientations_iPhone = "UIInterfaceOrientationPortrait UIInterfaceOrientationLandscapeLeft UIInterfaceOrientationLandscapeRight";
				LD_RUNPATH_SEARCH_PATHS = (
					"$(inherited)",
					"@executable_path/Frameworks",
				);
				MARKETING_VERSION = 1.0;
				PRODUCT_BUNDLE_IDENTIFIER = "chamuel.castillo.-0220824-MiguelJimenez-NYCSchools";
				PRODUCT_NAME = "$(TARGET_NAME)";
				SWIFT_EMIT_LOC_STRINGS = YES;
				SWIFT_VERSION = 5.0;
				TARGETED_DEVICE_FAMILY = "1,2";
			};
			name = Release;
		};
		50AFC16928B6E4DB008FAC7E /* Debug */ = {
			isa = XCBuildConfiguration;
			buildSettings = {
				ALWAYS_EMBED_SWIFT_STANDARD_LIBRARIES = YES;
				BUNDLE_LOADER = "$(TEST_HOST)";
				CODE_SIGN_STYLE = Automatic;
				CURRENT_PROJECT_VERSION = 1;
				DEVELOPMENT_TEAM = 83GQRM67B7;
				GENERATE_INFOPLIST_FILE = YES;
				IPHONEOS_DEPLOYMENT_TARGET = 15.5;
				MARKETING_VERSION = 1.0;
				PRODUCT_BUNDLE_IDENTIFIER = "chamuel.castillo.-0220824-MiguelJimenez-NYCSchoolsTests";
				PRODUCT_NAME = "$(TARGET_NAME)";
				SWIFT_EMIT_LOC_STRINGS = NO;
				SWIFT_VERSION = 5.0;
				TARGETED_DEVICE_FAMILY = 1;
				TEST_HOST = "$(BUILT_PRODUCTS_DIR)/20220824-MiguelJimenez-NYCSchools.app/20220824-MiguelJimenez-NYCSchools";
			};
			name = Debug;
		};
		50AFC16A28B6E4DB008FAC7E /* Release */ = {
			isa = XCBuildConfiguration;
			buildSettings = {
				ALWAYS_EMBED_SWIFT_STANDARD_LIBRARIES = YES;
				BUNDLE_LOADER = "$(TEST_HOST)";
				CODE_SIGN_STYLE = Automatic;
				CURRENT_PROJECT_VERSION = 1;
				DEVELOPMENT_TEAM = 83GQRM67B7;
				GENERATE_INFOPLIST_FILE = YES;
				IPHONEOS_DEPLOYMENT_TARGET = 15.5;
				MARKETING_VERSION = 1.0;
				PRODUCT_BUNDLE_IDENTIFIER = "chamuel.castillo.-0220824-MiguelJimenez-NYCSchoolsTests";
				PRODUCT_NAME = "$(TARGET_NAME)";
				SWIFT_EMIT_LOC_STRINGS = NO;
				SWIFT_VERSION = 5.0;
				TARGETED_DEVICE_FAMILY = 1;
				TEST_HOST = "$(BUILT_PRODUCTS_DIR)/20220824-MiguelJimenez-NYCSchools.app/20220824-MiguelJimenez-NYCSchools";
			};
			name = Release;
		};
/* End XCBuildConfiguration section */

/* Begin XCConfigurationList section */
		50AFC13628B6E4DA008FAC7E /* Build configuration list for PBXProject "20220824-MiguelJimenez-NYCSchools" */ = {
			isa = XCConfigurationList;
			buildConfigurations = (
				50AFC16328B6E4DB008FAC7E /* Debug */,
				50AFC16428B6E4DB008FAC7E /* Release */,
			);
			defaultConfigurationIsVisible = 0;
			defaultConfigurationName = Release;
		};
		50AFC16528B6E4DB008FAC7E /* Build configuration list for PBXNativeTarget "20220824-MiguelJimenez-NYCSchools" */ = {
			isa = XCConfigurationList;
			buildConfigurations = (
				50AFC16628B6E4DB008FAC7E /* Debug */,
				50AFC16728B6E4DB008FAC7E /* Release */,
			);
			defaultConfigurationIsVisible = 0;
			defaultConfigurationName = Release;
		};
		50AFC16828B6E4DB008FAC7E /* Build configuration list for PBXNativeTarget "20220824-MiguelJimenez-NYCSchoolsTests" */ = {
			isa = XCConfigurationList;
			buildConfigurations = (
				50AFC16928B6E4DB008FAC7E /* Debug */,
				50AFC16A28B6E4DB008FAC7E /* Release */,
			);
			defaultConfigurationIsVisible = 0;
			defaultConfigurationName = Release;
		};
/* End XCConfigurationList section */
	};
	rootObject = 50AFC13328B6E4DA008FAC7E /* Project object */;
}
